// !$*UTF8*$!
{
	archiveVersion = 1;
	classes = {
	};
	objectVersion = 46;
	objects = {

/* Begin PBXBuildFile section */
		2D82B5431E80EAD000E84296 /* AppDelegate.swift in Sources */ = {isa = PBXBuildFile; fileRef = 2D82B5421E80EAD000E84296 /* AppDelegate.swift */; };
		2D82B5451E80EAD000E84296 /* ViewController.swift in Sources */ = {isa = PBXBuildFile; fileRef = 2D82B5441E80EAD000E84296 /* ViewController.swift */; };
		2D82B5481E80EAD000E84296 /* Main.storyboard in Resources */ = {isa = PBXBuildFile; fileRef = 2D82B5461E80EAD000E84296 /* Main.storyboard */; };
		2D82B54A1E80EAD000E84296 /* Assets.xcassets in Resources */ = {isa = PBXBuildFile; fileRef = 2D82B5491E80EAD000E84296 /* Assets.xcassets */; };
		2D82B54D1E80EAD000E84296 /* LaunchScreen.storyboard in Resources */ = {isa = PBXBuildFile; fileRef = 2D82B54B1E80EAD000E84296 /* LaunchScreen.storyboard */; };
		2D82B5581E80EAD000E84296 /* Meal_TrackerTests.swift in Sources */ = {isa = PBXBuildFile; fileRef = 2D82B5571E80EAD000E84296 /* Meal_TrackerTests.swift */; };
/* End PBXBuildFile section */

/* Begin PBXContainerItemProxy section */
		2D82B5541E80EAD000E84296 /* PBXContainerItemProxy */ = {
			isa = PBXContainerItemProxy;
			containerPortal = 2D82B5371E80EAD000E84296 /* Project object */;
			proxyType = 1;
			remoteGlobalIDString = 2D82B53E1E80EAD000E84296;
			remoteInfo = "Meal Tracker";
		};
/* End PBXContainerItemProxy section */

/* Begin PBXFileReference section */
		2D82B53F1E80EAD000E84296 /* Meal Tracker.app */ = {isa = PBXFileReference; explicitFileType = wrapper.application; includeInIndex = 0; path = "Meal Tracker.app"; sourceTree = BUILT_PRODUCTS_DIR; };
		2D82B5421E80EAD000E84296 /* AppDelegate.swift */ = {isa = PBXFileReference; lastKnownFileType = sourcecode.swift; path = AppDelegate.swift; sourceTree = "<group>"; };
		2D82B5441E80EAD000E84296 /* ViewController.swift */ = {isa = PBXFileReference; lastKnownFileType = sourcecode.swift; path = ViewController.swift; sourceTree = "<group>"; };
		2D82B5471E80EAD000E84296 /* Base */ = {isa = PBXFileReference; lastKnownFileType = file.storyboard; name = Base; path = Base.lproj/Main.storyboard; sourceTree = "<group>"; };
		2D82B5491E80EAD000E84296 /* Assets.xcassets */ = {isa = PBXFileReference; lastKnownFileType = folder.assetcatalog; path = Assets.xcassets; sourceTree = "<group>"; };
		2D82B54C1E80EAD000E84296 /* Base */ = {isa = PBXFileReference; lastKnownFileType = file.storyboard; name = Base; path = Base.lproj/LaunchScreen.storyboard; sourceTree = "<group>"; };
		2D82B54E1E80EAD000E84296 /* Info.plist */ = {isa = PBXFileReference; lastKnownFileType = text.plist.xml; path = Info.plist; sourceTree = "<group>"; };
		2D82B5531E80EAD000E84296 /* Meal TrackerTests.xctest */ = {isa = PBXFileReference; explicitFileType = wrapper.cfbundle; includeInIndex = 0; path = "Meal TrackerTests.xctest"; sourceTree = BUILT_PRODUCTS_DIR; };
		2D82B5571E80EAD000E84296 /* Meal_TrackerTests.swift */ = {isa = PBXFileReference; lastKnownFileType = sourcecode.swift; path = Meal_TrackerTests.swift; sourceTree = "<group>"; };
		2D82B5591E80EAD000E84296 /* Info.plist */ = {isa = PBXFileReference; lastKnownFileType = text.plist.xml; path = Info.plist; sourceTree = "<group>"; };
/* End PBXFileReference section */

/* Begin PBXFrameworksBuildPhase section */
		2D82B53C1E80EAD000E84296 /* Frameworks */ = {
			isa = PBXFrameworksBuildPhase;
			buildActionMask = 2147483647;
			files = (
			);
			runOnlyForDeploymentPostprocessing = 0;
		};
		2D82B5501E80EAD000E84296 /* Frameworks */ = {
			isa = PBXFrameworksBuildPhase;
			buildActionMask = 2147483647;
			files = (
			);
			runOnlyForDeploymentPostprocessing = 0;
		};
/* End PBXFrameworksBuildPhase section */

/* Begin PBXGroup section */
		2D82B5361E80EAD000E84296 = {
			isa = PBXGroup;
			children = (
				2D82B5411E80EAD000E84296 /* Meal Tracker */,
				2D82B5561E80EAD000E84296 /* Meal TrackerTests */,
				2D82B5401E80EAD000E84296 /* Products */,
			);
			sourceTree = "<group>";
		};
		2D82B5401E80EAD000E84296 /* Products */ = {
			isa = PBXGroup;
			children = (
				2D82B53F1E80EAD000E84296 /* Meal Tracker.app */,
				2D82B5531E80EAD000E84296 /* Meal TrackerTests.xctest */,
			);
			name = Products;
			sourceTree = "<group>";
		};
		2D82B5411E80EAD000E84296 /* Meal Tracker */ = {
			isa = PBXGroup;
			children = (
				2D82B5421E80EAD000E84296 /* AppDelegate.swift */,
				2D82B5441E80EAD000E84296 /* ViewController.swift */,
				2D82B5461E80EAD000E84296 /* Main.storyboard */,
				2D82B5491E80EAD000E84296 /* Assets.xcassets */,
				2D82B54B1E80EAD000E84296 /* LaunchScreen.storyboard */,
				2D82B54E1E80EAD000E84296 /* Info.plist */,
			);
			path = "Meal Tracker";
			sourceTree = "<group>";
		};
		2D82B5561E80EAD000E84296 /* Meal TrackerTests */ = {
			isa = PBXGroup;
			children = (
				2D82B5571E80EAD000E84296 /* Meal_TrackerTests.swift */,
				2D82B5591E80EAD000E84296 /* Info.plist */,
			);
			path = "Meal TrackerTests";
			sourceTree = "<group>";
		};
/* End PBXGroup section */

/* Begin PBXNativeTarget section */
		2D82B53E1E80EAD000E84296 /* Meal Tracker */ = {
			isa = PBXNativeTarget;
			buildConfigurationList = 2D82B55C1E80EAD000E84296 /* Build configuration list for PBXNativeTarget "Meal Tracker" */;
			buildPhases = (
				2D82B53B1E80EAD000E84296 /* Sources */,
				2D82B53C1E80EAD000E84296 /* Frameworks */,
				2D82B53D1E80EAD000E84296 /* Resources */,
			);
			buildRules = (
			);
			dependencies = (
			);
			name = "Meal Tracker";
			productName = "Meal Tracker";
			productReference = 2D82B53F1E80EAD000E84296 /* Meal Tracker.app */;
			productType = "com.apple.product-type.application";
		};
		2D82B5521E80EAD000E84296 /* Meal TrackerTests */ = {
			isa = PBXNativeTarget;
			buildConfigurationList = 2D82B55F1E80EAD000E84296 /* Build configuration list for PBXNativeTarget "Meal TrackerTests" */;
			buildPhases = (
				2D82B54F1E80EAD000E84296 /* Sources */,
				2D82B5501E80EAD000E84296 /* Frameworks */,
				2D82B5511E80EAD000E84296 /* Resources */,
			);
			buildRules = (
			);
			dependencies = (
				2D82B5551E80EAD000E84296 /* PBXTargetDependency */,
			);
			name = "Meal TrackerTests";
			productName = "Meal TrackerTests";
			productReference = 2D82B5531E80EAD000E84296 /* Meal TrackerTests.xctest */;
			productType = "com.apple.product-type.bundle.unit-test";
		};
/* End PBXNativeTarget section */

/* Begin PBXProject section */
		2D82B5371E80EAD000E84296 /* Project object */ = {
			isa = PBXProject;
			attributes = {
				LastSwiftUpdateCheck = 0820;
				LastUpgradeCheck = 0820;
				ORGANIZATIONNAME = "Apple Inc.";
				TargetAttributes = {
					2D82B53E1E80EAD000E84296 = {
						CreatedOnToolsVersion = 8.2.1;
						ProvisioningStyle = Automatic;
					};
					2D82B5521E80EAD000E84296 = {
						CreatedOnToolsVersion = 8.2.1;
						ProvisioningStyle = Automatic;
						TestTargetID = 2D82B53E1E80EAD000E84296;
					};
				};
			};
			buildConfigurationList = 2D82B53A1E80EAD000E84296 /* Build configuration list for PBXProject "Meal Tracker" */;
			compatibilityVersion = "Xcode 3.2";
			developmentRegion = English;
			hasScannedForEncodings = 0;
			knownRegions = (
				en,
				Base,
			);
			mainGroup = 2D82B5361E80EAD000E84296;
			productRefGroup = 2D82B5401E80EAD000E84296 /* Products */;
			projectDirPath = "";
			projectRoot = "";
			targets = (
				2D82B53E1E80EAD000E84296 /* Meal Tracker */,
				2D82B5521E80EAD000E84296 /* Meal TrackerTests */,
			);
		};
/* End PBXProject section */

/* Begin PBXResourcesBuildPhase section */
		2D82B53D1E80EAD000E84296 /* Resources */ = {
			isa = PBXResourcesBuildPhase;
			buildActionMask = 2147483647;
			files = (
				2D82B54D1E80EAD000E84296 /* LaunchScreen.storyboard in Resources */,
				2D82B54A1E80EAD000E84296 /* Assets.xcassets in Resources */,
				2D82B5481E80EAD000E84296 /* Main.storyboard in Resources */,
			);
			runOnlyForDeploymentPostprocessing = 0;
		};
		2D82B5511E80EAD000E84296 /* Resources */ = {
			isa = PBXResourcesBuildPhase;
			buildActionMask = 2147483647;
			files = (
			);
			runOnlyForDeploymentPostprocessing = 0;
		};
/* End PBXResourcesBuildPhase section */

/* Begin PBXSourcesBuildPhase section */
		2D82B53B1E80EAD000E84296 /* Sources */ = {
			isa = PBXSourcesBuildPhase;
			buildActionMask = 2147483647;
			files = (
				2D82B5451E80EAD000E84296 /* ViewController.swift in Sources */,
				2D82B5431E80EAD000E84296 /* AppDelegate.swift in Sources */,
			);
			runOnlyForDeploymentPostprocessing = 0;
		};
		2D82B54F1E80EAD000E84296 /* Sources */ = {
			isa = PBXSourcesBuildPhase;
			buildActionMask = 2147483647;
			files = (
				2D82B5581E80EAD000E84296 /* Meal_TrackerTests.swift in Sources */,
			);
			runOnlyForDeploymentPostprocessing = 0;
		};
/* End PBXSourcesBuildPhase section */

/* Begin PBXTargetDependency section */
		2D82B5551E80EAD000E84296 /* PBXTargetDependency */ = {
			isa = PBXTargetDependency;
			target = 2D82B53E1E80EAD000E84296 /* Meal Tracker */;
			targetProxy = 2D82B5541E80EAD000E84296 /* PBXContainerItemProxy */;
		};
/* End PBXTargetDependency section */

/* Begin PBXVariantGroup section */
		2D82B5461E80EAD000E84296 /* Main.storyboard */ = {
			isa = PBXVariantGroup;
			children = (
				2D82B5471E80EAD000E84296 /* Base */,
			);
			name = Main.storyboard;
			sourceTree = "<group>";
		};
		2D82B54B1E80EAD000E84296 /* LaunchScreen.storyboard */ = {
			isa = PBXVariantGroup;
			children = (
				2D82B54C1E80EAD000E84296 /* Base */,
			);
			name = LaunchScreen.storyboard;
			sourceTree = "<group>";
		};
/* End PBXVariantGroup section */

/* Begin XCBuildConfiguration section */
		2D82B55A1E80EAD000E84296 /* Debug */ = {
			isa = XCBuildConfiguration;
			buildSettings = {
				ALWAYS_SEARCH_USER_PATHS = NO;
				CLANG_ANALYZER_NONNULL = YES;
				CLANG_CXX_LANGUAGE_STANDARD = "gnu++0x";
				CLANG_CXX_LIBRARY = "libc++";
				CLANG_ENABLE_MODULES = YES;
				CLANG_ENABLE_OBJC_ARC = YES;
				CLANG_WARN_BOOL_CONVERSION = YES;
				CLANG_WARN_CONSTANT_CONVERSION = YES;
				CLANG_WARN_DIRECT_OBJC_ISA_USAGE = YES_ERROR;
				CLANG_WARN_DOCUMENTATION_COMMENTS = YES;
				CLANG_WARN_EMPTY_BODY = YES;
				CLANG_WARN_ENUM_CONVERSION = YES;
				CLANG_WARN_INFINITE_RECURSION = YES;
				CLANG_WARN_INT_CONVERSION = YES;
				CLANG_WARN_OBJC_ROOT_CLASS = YES_ERROR;
				CLANG_WARN_SUSPICIOUS_MOVE = YES;
				CLANG_WARN_UNREACHABLE_CODE = YES;
				CLANG_WARN__DUPLICATE_METHOD_MATCH = YES;
				"CODE_SIGN_IDENTITY[sdk=iphoneos*]" = "iPhone Developer";
				COPY_PHASE_STRIP = NO;
				DEBUG_INFORMATION_FORMAT = dwarf;
				ENABLE_STRICT_OBJC_MSGSEND = YES;
				ENABLE_TESTABILITY = YES;
				GCC_C_LANGUAGE_STANDARD = gnu99;
				GCC_DYNAMIC_NO_PIC = NO;
				GCC_NO_COMMON_BLOCKS = YES;
				GCC_OPTIMIZATION_LEVEL = 0;
				GCC_PREPROCESSOR_DEFINITIONS = (
					"DEBUG=1",
					"$(inherited)",
				);
				GCC_WARN_64_TO_32_BIT_CONVERSION = YES;
				GCC_WARN_ABOUT_RETURN_TYPE = YES_ERROR;
				GCC_WARN_UNDECLARED_SELECTOR = YES;
				GCC_WARN_UNINITIALIZED_AUTOS = YES_AGGRESSIVE;
				GCC_WARN_UNUSED_FUNCTION = YES;
				GCC_WARN_UNUSED_VARIABLE = YES;
				IPHONEOS_DEPLOYMENT_TARGET = 10.2;
				MTL_ENABLE_DEBUG_INFO = YES;
				ONLY_ACTIVE_ARCH = YES;
				SDKROOT = iphoneos;
				SWIFT_ACTIVE_COMPILATION_CONDITIONS = DEBUG;
				SWIFT_OPTIMIZATION_LEVEL = "-Onone";
				TARGETED_DEVICE_FAMILY = "1,2";
			};
			name = Debug;
		};
		2D82B55B1E80EAD000E84296 /* Release */ = {
			isa = XCBuildConfiguration;
			buildSettings = {
				ALWAYS_SEARCH_USER_PATHS = NO;
				CLANG_ANALYZER_NONNULL = YES;
				CLANG_CXX_LANGUAGE_STANDARD = "gnu++0x";
				CLANG_CXX_LIBRARY = "libc++";
				CLANG_ENABLE_MODULES = YES;
				CLANG_ENABLE_OBJC_ARC = YES;
				CLANG_WARN_BOOL_CONVERSION = YES;
				CLANG_WARN_CONSTANT_CONVERSION = YES;
				CLANG_WARN_DIRECT_OBJC_ISA_USAGE = YES_ERROR;
				CLANG_WARN_DOCUMENTATION_COMMENTS = YES;
				CLANG_WARN_EMPTY_BODY = YES;
				CLANG_WARN_ENUM_CONVERSION = YES;
				CLANG_WARN_INFINITE_RECURSION = YES;
				CLANG_WARN_INT_CONVERSION = YES;
				CLANG_WARN_OBJC_ROOT_CLASS = YES_ERROR;
				CLANG_WARN_SUSPICIOUS_MOVE = YES;
				CLANG_WARN_UNREACHABLE_CODE = YES;
				CLANG_WARN__DUPLICATE_METHOD_MATCH = YES;
				"CODE_SIGN_IDENTITY[sdk=iphoneos*]" = "iPhone Developer";
				COPY_PHASE_STRIP = NO;
				DEBUG_INFORMATION_FORMAT = "dwarf-with-dsym";
				ENABLE_NS_ASSERTIONS = NO;
				ENABLE_STRICT_OBJC_MSGSEND = YES;
				GCC_C_LANGUAGE_STANDARD = gnu99;
				GCC_NO_COMMON_BLOCKS = YES;
				GCC_WARN_64_TO_32_BIT_CONVERSION = YES;
				GCC_WARN_ABOUT_RETURN_TYPE = YES_ERROR;
				GCC_WARN_UNDECLARED_SELECTOR = YES;
				GCC_WARN_UNINITIALIZED_AUTOS = YES_AGGRESSIVE;
				GCC_WARN_UNUSED_FUNCTION = YES;
				GCC_WARN_UNUSED_VARIABLE = YES;
				IPHONEOS_DEPLOYMENT_TARGET = 10.2;
				MTL_ENABLE_DEBUG_INFO = NO;
				SDKROOT = iphoneos;
				SWIFT_OPTIMIZATION_LEVEL = "-Owholemodule";
				TARGETED_DEVICE_FAMILY = "1,2";
				VALIDATE_PRODUCT = YES;
			};
			name = Release;
		};
		2D82B55D1E80EAD000E84296 /* Debug */ = {
			isa = XCBuildConfiguration;
			buildSettings = {
				ASSETCATALOG_COMPILER_APPICON_NAME = AppIcon;
				INFOPLIST_FILE = "Meal Tracker/Info.plist";
				LD_RUNPATH_SEARCH_PATHS = "$(inherited) @executable_path/Frameworks";
				PRODUCT_BUNDLE_IDENTIFIER = "com.example.Meal-Tracker";
				PRODUCT_NAME = "$(TARGET_NAME)";
				SWIFT_VERSION = 3.0;
			};
			name = Debug;
		};
		2D82B55E1E80EAD000E84296 /* Release */ = {
			isa = XCBuildConfiguration;
			buildSettings = {
				ASSETCATALOG_COMPILER_APPICON_NAME = AppIcon;
				INFOPLIST_FILE = "Meal Tracker/Info.plist";
				LD_RUNPATH_SEARCH_PATHS = "$(inherited) @executable_path/Frameworks";
				PRODUCT_BUNDLE_IDENTIFIER = "com.example.Meal-Tracker";
				PRODUCT_NAME = "$(TARGET_NAME)";
				SWIFT_VERSION = 3.0;
			};
			name = Release;
		};
		2D82B5601E80EAD000E84296 /* Debug */ = {
			isa = XCBuildConfiguration;
			buildSettings = {
				ALWAYS_EMBED_SWIFT_STANDARD_LIBRARIES = YES;
				BUNDLE_LOADER = "$(TEST_HOST)";
				INFOPLIST_FILE = "Meal TrackerTests/Info.plist";
				LD_RUNPATH_SEARCH_PATHS = "$(inherited) @executable_path/Frameworks @loader_path/Frameworks";
				PRODUCT_BUNDLE_IDENTIFIER = "com.example.Meal-TrackerTests";
				PRODUCT_NAME = "$(TARGET_NAME)";
				SWIFT_VERSION = 3.0;
				TEST_HOST = "$(BUILT_PRODUCTS_DIR)/Meal Tracker.app/Meal Tracker";
			};
			name = Debug;
		};
		2D82B5611E80EAD000E84296 /* Release */ = {
			isa = XCBuildConfiguration;
			buildSettings = {
				ALWAYS_EMBED_SWIFT_STANDARD_LIBRARIES = YES;
				BUNDLE_LOADER = "$(TEST_HOST)";
				INFOPLIST_FILE = "Meal TrackerTests/Info.plist";
				LD_RUNPATH_SEARCH_PATHS = "$(inherited) @executable_path/Frameworks @loader_path/Frameworks";
				PRODUCT_BUNDLE_IDENTIFIER = "com.example.Meal-TrackerTests";
				PRODUCT_NAME = "$(TARGET_NAME)";
				SWIFT_VERSION = 3.0;
				TEST_HOST = "$(BUILT_PRODUCTS_DIR)/Meal Tracker.app/Meal Tracker";
			};
			name = Release;
		};
/* End XCBuildConfiguration section */

/* Begin XCConfigurationList section */
		2D82B53A1E80EAD000E84296 /* Build configuration list for PBXProject "Meal Tracker" */ = {
			isa = XCConfigurationList;
			buildConfigurations = (
				2D82B55A1E80EAD000E84296 /* Debug */,
				2D82B55B1E80EAD000E84296 /* Release */,
			);
			defaultConfigurationIsVisible = 0;
			defaultConfigurationName = Release;
		};
		2D82B55C1E80EAD000E84296 /* Build configuration list for PBXNativeTarget "Meal Tracker" */ = {
			isa = XCConfigurationList;
			buildConfigurations = (
				2D82B55D1E80EAD000E84296 /* Debug */,
				2D82B55E1E80EAD000E84296 /* Release */,
			);
			defaultConfigurationIsVisible = 0;
		};
		2D82B55F1E80EAD000E84296 /* Build configuration list for PBXNativeTarget "Meal TrackerTests" */ = {
			isa = XCConfigurationList;
			buildConfigurations = (
				2D82B5601E80EAD000E84296 /* Debug */,
				2D82B5611E80EAD000E84296 /* Release */,
			);
			defaultConfigurationIsVisible = 0;
		};
/* End XCConfigurationList section */
	};
	rootObject = 2D82B5371E80EAD000E84296 /* Project object */;
}
